
Microsoft Visual Studio Solution File, Format Version 12.00
# Visual Studio Version 17
VisualStudioVersion = 17.8.34316.72
MinimumVisualStudioVersion = 10.0.40219.1
Project("{9A19103F-16F7-4668-BE54-9A1E7A4F7556}") = "EmployeeManagmentApi", "EmployeeManagmentApi\EmployeeManagmentApi.csproj", "{7640A183-5F95-4810-822F-C359DC510962}"
	ProjectSection(ProjectDependencies) = postProject
		{D0922E40-6DF9-4B17-8A2F-63504DEA03AA} = {D0922E40-6DF9-4B17-8A2F-63504DEA03AA}
	EndProjectSection
EndProject
Project("{9A19103F-16F7-4668-BE54-9A1E7A4F7556}") = "EmployeeManagmentModel", "EmployeeManagmentModel\EmployeeManagmentModel.csproj", "{46A5A08A-EBA2-4CC5-9F2D-8E1AAE214E86}"
EndProject
Project("{9A19103F-16F7-4668-BE54-9A1E7A4F7556}") = "BlazorEmployeeApplication", "BlazorEmployeeApplication\BlazorEmployeeApplication.csproj", "{D0922E40-6DF9-4B17-8A2F-63504DEA03AA}"
EndProject
Project("{9A19103F-16F7-4668-BE54-9A1E7A4F7556}") = "Shared", "Shared\Shared.csproj", "{C93FC1C5-AC45-4C11-8E55-18384BDF13D6}"
EndProject
Project("{2150E333-8FDC-42A3-9474-1A3956D46DE8}") = "Documents", "Documents", "{450C6363-B59F-4765-991C-DF9CDE5A4D68}"
	ProjectSection(SolutionItems) = preProject
		JWT.md = JWT.md
		SystemRequirements.md = SystemRequirements.md
		Tests.md = Tests.md
	EndProjectSection
EndProject
Project("{9A19103F-16F7-4668-BE54-9A1E7A4F7556}") = "Tests", "Tests\Tests.csproj", "{E26C6EC0-F848-4DA2-A987-F8D5AA265F2D}"
EndProject
Project("{E53339B2-1760-4266-BCC7-CA923CBCF16C}") = "docker-compose", "docker-compose.dcproj", "{5C895708-2BC9-4332-A735-CC1F37BDC456}"
EndProject
Global
	GlobalSection(SolutionConfigurationPlatforms) = preSolution
		Debug|Any CPU = Debug|Any CPU
		Release|Any CPU = Release|Any CPU
	EndGlobalSection
	GlobalSection(ProjectConfigurationPlatforms) = postSolution
		{7640A183-5F95-4810-822F-C359DC510962}.Debug|Any CPU.ActiveCfg = Debug|Any CPU
		{7640A183-5F95-4810-822F-C359DC510962}.Debug|Any CPU.Build.0 = Debug|Any CPU
		{7640A183-5F95-4810-822F-C359DC510962}.Release|Any CPU.ActiveCfg = Release|Any CPU
		{7640A183-5F95-4810-822F-C359DC510962}.Release|Any CPU.Build.0 = Release|Any CPU
		{46A5A08A-EBA2-4CC5-9F2D-8E1AAE214E86}.Debug|Any CPU.ActiveCfg = Debug|Any CPU
		{46A5A08A-EBA2-4CC5-9F2D-8E1AAE214E86}.Debug|Any CPU.Build.0 = Debug|Any CPU
		{46A5A08A-EBA2-4CC5-9F2D-8E1AAE214E86}.Release|Any CPU.ActiveCfg = Release|Any CPU
		{46A5A08A-EBA2-4CC5-9F2D-8E1AAE214E86}.Release|Any CPU.Build.0 = Release|Any CPU
		{D0922E40-6DF9-4B17-8A2F-63504DEA03AA}.Debug|Any CPU.ActiveCfg = Debug|Any CPU
		{D0922E40-6DF9-4B17-8A2F-63504DEA03AA}.Debug|Any CPU.Build.0 = Debug|Any CPU
		{D0922E40-6DF9-4B17-8A2F-63504DEA03AA}.Release|Any CPU.ActiveCfg = Release|Any CPU
		{D0922E40-6DF9-4B17-8A2F-63504DEA03AA}.Release|Any CPU.Build.0 = Release|Any CPU
		{C93FC1C5-AC45-4C11-8E55-18384BDF13D6}.Debug|Any CPU.ActiveCfg = Debug|Any CPU
		{C93FC1C5-AC45-4C11-8E55-18384BDF13D6}.Debug|Any CPU.Build.0 = Debug|Any CPU
		{C93FC1C5-AC45-4C11-8E55-18384BDF13D6}.Release|Any CPU.ActiveCfg = Release|Any CPU
		{C93FC1C5-AC45-4C11-8E55-18384BDF13D6}.Release|Any CPU.Build.0 = Release|Any CPU
		{E26C6EC0-F848-4DA2-A987-F8D5AA265F2D}.Debug|Any CPU.ActiveCfg = Debug|Any CPU
		{E26C6EC0-F848-4DA2-A987-F8D5AA265F2D}.Debug|Any CPU.Build.0 = Debug|Any CPU
		{E26C6EC0-F848-4DA2-A987-F8D5AA265F2D}.Release|Any CPU.ActiveCfg = Release|Any CPU
		{E26C6EC0-F848-4DA2-A987-F8D5AA265F2D}.Release|Any CPU.Build.0 = Release|Any CPU
		{5C895708-2BC9-4332-A735-CC1F37BDC456}.Debug|Any CPU.ActiveCfg = Debug|Any CPU
		{5C895708-2BC9-4332-A735-CC1F37BDC456}.Debug|Any CPU.Build.0 = Debug|Any CPU
		{5C895708-2BC9-4332-A735-CC1F37BDC456}.Release|Any CPU.ActiveCfg = Release|Any CPU
		{5C895708-2BC9-4332-A735-CC1F37BDC456}.Release|Any CPU.Build.0 = Release|Any CPU
	EndGlobalSection
	GlobalSection(SolutionProperties) = preSolution
		HideSolutionNode = FALSE
	EndGlobalSection
	GlobalSection(ExtensibilityGlobals) = postSolution
		SolutionGuid = {300DC7A6-4387-4181-86D6-AFC497A772C3}
	EndGlobalSection
EndGlobal
